
Microsoft Visual Studio Solution File, Format Version 12.00
# Visual Studio Version 16
VisualStudioVersion = 16.0.30907.101
MinimumVisualStudioVersion = 10.0.40219.1
Project("{FAE04EC0-301F-11D3-BF4B-00C04F79EFBC}") = "UI", "UI\UI.csproj", "{893C1432-A8EE-4C1B-95BD-F6D05C282CD6}"
EndProject
Project("{FAE04EC0-301F-11D3-BF4B-00C04F79EFBC}") = "Database", "Database\Database.csproj", "{FB8D699A-89C0-4427-837E-1D57B187A226}"
EndProject
Project("{FAE04EC0-301F-11D3-BF4B-00C04F79EFBC}") = "Business", "Business\Business.csproj", "{7A860D04-EDB0-478D-90A0-46C5F3E406CD}"
EndProject
Global
	GlobalSection(SolutionConfigurationPlatforms) = preSolution
		Debug|Any CPU = Debug|Any CPU
		Release|Any CPU = Release|Any CPU
	EndGlobalSection
	GlobalSection(ProjectConfigurationPlatforms) = postSolution
		{893C1432-A8EE-4C1B-95BD-F6D05C282CD6}.Debug|Any CPU.ActiveCfg = Debug|Any CPU
		{893C1432-A8EE-4C1B-95BD-F6D05C282CD6}.Debug|Any CPU.Build.0 = Debug|Any CPU
		{893C1432-A8EE-4C1B-95BD-F6D05C282CD6}.Release|Any CPU.ActiveCfg = Release|Any CPU
		{893C1432-A8EE-4C1B-95BD-F6D05C282CD6}.Release|Any CPU.Build.0 = Release|Any CPU
		{FB8D699A-89C0-4427-837E-1D57B187A226}.Debug|Any CPU.ActiveCfg = Debug|Any CPU
		{FB8D699A-89C0-4427-837E-1D57B187A226}.Debug|Any CPU.Build.0 = Debug|Any CPU
		{FB8D699A-89C0-4427-837E-1D57B187A226}.Release|Any CPU.ActiveCfg = Release|Any CPU
		{FB8D699A-89C0-4427-837E-1D57B187A226}.Release|Any CPU.Build.0 = Release|Any CPU
		{7A860D04-EDB0-478D-90A0-46C5F3E406CD}.Debug|Any CPU.ActiveCfg = Debug|Any CPU
		{7A860D04-EDB0-478D-90A0-46C5F3E406CD}.Debug|Any CPU.Build.0 = Debug|Any CPU
		{7A860D04-EDB0-478D-90A0-46C5F3E406CD}.Release|Any CPU.ActiveCfg = Release|Any CPU
		{7A860D04-EDB0-478D-90A0-46C5F3E406CD}.Release|Any CPU.Build.0 = Release|Any CPU
	EndGlobalSection
	GlobalSection(SolutionProperties) = preSolution
		HideSolutionNode = FALSE
	EndGlobalSection
	GlobalSection(ExtensibilityGlobals) = postSolution
		SolutionGuid = {0357F6BE-EB10-4B2D-A45C-681ABE408999}
	EndGlobalSection
EndGlobal
